[[package]]
name = "appdirs"
version = "1.4.4"
description = "A small Python module for determining appropriate platform-specific dirs, e.g. a \"user data dir\"."
category = "dev"
optional = false
python-versions = "*"

[[package]]
name = "atomicwrites"
version = "1.4.0"
description = "Atomic file writes."
category = "dev"
optional = false
python-versions = ">=2.7, !=3.0.*, !=3.1.*, !=3.2.*, !=3.3.*"

[[package]]
name = "attrs"
version = "20.3.0"
description = "Classes Without Boilerplate"
category = "dev"
optional = false
python-versions = ">=2.7, !=3.0.*, !=3.1.*, !=3.2.*, !=3.3.*"

[package.extras]
dev = ["coverage[toml] (>=5.0.2)", "hypothesis", "pympler", "pytest (>=4.3.0)", "six", "zope.interface", "furo", "sphinx", "pre-commit"]
docs = ["furo", "sphinx", "zope.interface"]
tests = ["coverage[toml] (>=5.0.2)", "hypothesis", "pympler", "pytest (>=4.3.0)", "six", "zope.interface"]
tests_no_zope = ["coverage[toml] (>=5.0.2)", "hypothesis", "pympler", "pytest (>=4.3.0)", "six"]

[[package]]
name = "cachetools"
version = "4.2.1"
description = "Extensible memoizing collections and decorators"
category = "main"
optional = false
python-versions = "~=3.5"

[[package]]
name = "colorama"
version = "0.4.4"
description = "Cross-platform colored terminal text."
category = "dev"
optional = false
python-versions = ">=2.7, !=3.0.*, !=3.1.*, !=3.2.*, !=3.3.*, !=3.4.*"

[[package]]
name = "dependency-injector"
version = "4.30.0"
description = "Dependency injection framework for Python"
category = "main"
optional = false
python-versions = "*"

[package.dependencies]
pyyaml = {version = "*", optional = true, markers = "extra == \"yaml\""}
six = ">=1.7.0,<=1.15.0"

[package.extras]
aiohttp = ["aiohttp"]
flask = ["flask"]
pydantic = ["pydantic"]
yaml = ["pyyaml"]

[[package]]
name = "distlib"
version = "0.3.1"
description = "Distribution utilities"
category = "dev"
optional = false
python-versions = "*"

[[package]]
name = "filelock"
version = "3.0.12"
description = "A platform independent file lock."
category = "dev"
optional = false
python-versions = "*"

[[package]]
name = "flake8"
version = "3.9.0"
description = "the modular source code checker: pep8 pyflakes and co"
category = "dev"
optional = false
python-versions = "!=3.0.*,!=3.1.*,!=3.2.*,!=3.3.*,!=3.4.*,>=2.7"

[package.dependencies]
mccabe = ">=0.6.0,<0.7.0"
pycodestyle = ">=2.7.0,<2.8.0"
pyflakes = ">=2.3.0,<2.4.0"

[[package]]
name = "iniconfig"
version = "1.1.1"
description = "iniconfig: brain-dead simple config-ini parsing"
category = "dev"
optional = false
python-versions = "*"

[[package]]
name = "mccabe"
version = "0.6.1"
description = "McCabe checker, plugin for flake8"
category = "dev"
optional = false
python-versions = "*"

[[package]]
name = "packaging"
version = "20.9"
description = "Core utilities for Python packages"
category = "dev"
optional = false
python-versions = ">=2.7, !=3.0.*, !=3.1.*, !=3.2.*, !=3.3.*"

[package.dependencies]
pyparsing = ">=2.0.2"

[[package]]
name = "pluggy"
version = "0.13.1"
description = "plugin and hook calling mechanisms for python"
category = "dev"
optional = false
python-versions = ">=2.7, !=3.0.*, !=3.1.*, !=3.2.*, !=3.3.*"

[package.extras]
dev = ["pre-commit", "tox"]

[[package]]
name = "py"
version = "1.10.0"
description = "library with cross-python path, ini-parsing, io, code, log facilities"
category = "dev"
optional = false
python-versions = ">=2.7, !=3.0.*, !=3.1.*, !=3.2.*, !=3.3.*"

[[package]]
name = "pycodestyle"
version = "2.7.0"
description = "Python style guide checker"
category = "dev"
optional = false
python-versions = ">=2.7, !=3.0.*, !=3.1.*, !=3.2.*, !=3.3.*"

[[package]]
name = "pyflakes"
version = "2.3.0"
description = "passive checker of Python programs"
category = "dev"
optional = false
python-versions = ">=2.7, !=3.0.*, !=3.1.*, !=3.2.*, !=3.3.*"

[[package]]
name = "pyparsing"
version = "2.4.7"
description = "Python parsing module"
category = "dev"
optional = false
python-versions = ">=2.6, !=3.0.*, !=3.1.*, !=3.2.*"

[[package]]
name = "pytest"
version = "6.2.2"
description = "pytest: simple powerful testing with Python"
category = "dev"
optional = false
python-versions = ">=3.6"

[package.dependencies]
atomicwrites = {version = ">=1.0", markers = "sys_platform == \"win32\""}
attrs = ">=19.2.0"
colorama = {version = "*", markers = "sys_platform == \"win32\""}
iniconfig = "*"
packaging = "*"
pluggy = ">=0.12,<1.0.0a1"
py = ">=1.8.2"
toml = "*"

[package.extras]
testing = ["argcomplete", "hypothesis (>=3.56)", "mock", "nose", "requests", "xmlschema"]

[[package]]
name = "pyyaml"
version = "5.4.1"
description = "YAML parser and emitter for Python"
category = "main"
optional = false
python-versions = ">=2.7, !=3.0.*, !=3.1.*, !=3.2.*, !=3.3.*, !=3.4.*, !=3.5.*"

[[package]]
name = "six"
version = "1.15.0"
description = "Python 2 and 3 compatibility utilities"
category = "main"
optional = false
python-versions = ">=2.7, !=3.0.*, !=3.1.*, !=3.2.*"

[[package]]
name = "toml"
version = "0.10.2"
description = "Python Library for Tom's Obvious, Minimal Language"
category = "dev"
optional = false
python-versions = ">=2.6, !=3.0.*, !=3.1.*, !=3.2.*"

[[package]]
name = "tox"
version = "3.23.0"
description = "tox is a generic virtualenv management and test command line tool"
category = "dev"
optional = false
python-versions = "!=3.0.*,!=3.1.*,!=3.2.*,!=3.3.*,!=3.4.*,>=2.7"

[package.dependencies]
colorama = {version = ">=0.4.1", markers = "platform_system == \"Windows\""}
filelock = ">=3.0.0"
packaging = ">=14"
pluggy = ">=0.12.0"
py = ">=1.4.17"
six = ">=1.14.0"
toml = ">=0.9.4"
virtualenv = ">=16.0.0,<20.0.0 || >20.0.0,<20.0.1 || >20.0.1,<20.0.2 || >20.0.2,<20.0.3 || >20.0.3,<20.0.4 || >20.0.4,<20.0.5 || >20.0.5,<20.0.6 || >20.0.6,<20.0.7 || >20.0.7"

[package.extras]
docs = ["pygments-github-lexers (>=0.0.5)", "sphinx (>=2.0.0)", "sphinxcontrib-autoprogram (>=0.1.5)", "towncrier (>=18.5.0)"]
testing = ["flaky (>=3.4.0)", "freezegun (>=0.3.11)", "psutil (>=5.6.1)", "pytest (>=4.0.0)", "pytest-cov (>=2.5.1)", "pytest-mock (>=1.10.0)", "pytest-randomly (>=1.0.0)", "pytest-xdist (>=1.22.2)", "pathlib2 (>=2.3.3)"]

[[package]]
name = "virtualenv"
version = "20.4.2"
description = "Virtual Python Environment builder"
category = "dev"
optional = false
python-versions = "!=3.0.*,!=3.1.*,!=3.2.*,!=3.3.*,>=2.7"

[package.dependencies]
appdirs = ">=1.4.3,<2"
distlib = ">=0.3.1,<1"
filelock = ">=3.0.0,<4"
six = ">=1.9.0,<2"

[package.extras]
docs = ["proselint (>=0.10.2)", "sphinx (>=3)", "sphinx-argparse (>=0.2.5)", "sphinx-rtd-theme (>=0.4.3)", "towncrier (>=19.9.0rc1)"]
testing = ["coverage (>=4)", "coverage-enable-subprocess (>=1)", "flaky (>=3)", "pytest (>=4)", "pytest-env (>=0.6.2)", "pytest-freezegun (>=0.4.1)", "pytest-mock (>=2)", "pytest-randomly (>=1)", "pytest-timeout (>=1)", "packaging (>=20.0)", "xonsh (>=0.9.16)"]

[[package]]
name = "watchdog"
version = "2.0.2"
description = "Filesystem events monitoring"
category = "main"
optional = false
python-versions = ">=3.6"

[package.extras]
watchmedo = ["PyYAML (>=3.10)", "argh (>=0.24.1)"]

[metadata]
lock-version = "1.1"
python-versions = "^3.9"
content-hash = "e95a261f7b104f6b1e0fb59cc80817517cc9132fb0772e2e56a69053d48e66f4"

[metadata.files]
appdirs = [
    {file = "appdirs-1.4.4-py2.py3-none-any.whl", hash = "sha256:a841dacd6b99318a741b166adb07e19ee71a274450e68237b4650ca1055ab128"},
    {file = "appdirs-1.4.4.tar.gz", hash = "sha256:7d5d0167b2b1ba821647616af46a749d1c653740dd0d2415100fe26e27afdf41"},
]
atomicwrites = [
    {file = "atomicwrites-1.4.0-py2.py3-none-any.whl", hash = "sha256:6d1784dea7c0c8d4a5172b6c620f40b6e4cbfdf96d783691f2e1302a7b88e197"},
    {file = "atomicwrites-1.4.0.tar.gz", hash = "sha256:ae70396ad1a434f9c7046fd2dd196fc04b12f9e91ffb859164193be8b6168a7a"},
]
attrs = [
    {file = "attrs-20.3.0-py2.py3-none-any.whl", hash = "sha256:31b2eced602aa8423c2aea9c76a724617ed67cf9513173fd3a4f03e3a929c7e6"},
    {file = "attrs-20.3.0.tar.gz", hash = "sha256:832aa3cde19744e49938b91fea06d69ecb9e649c93ba974535d08ad92164f700"},
]
cachetools = [
    {file = "cachetools-4.2.1-py3-none-any.whl", hash = "sha256:1d9d5f567be80f7c07d765e21b814326d78c61eb0c3a637dffc0e5d1796cb2e2"},
    {file = "cachetools-4.2.1.tar.gz", hash = "sha256:f469e29e7aa4cff64d8de4aad95ce76de8ea1125a16c68e0d93f65c3c3dc92e9"},
]
colorama = [
    {file = "colorama-0.4.4-py2.py3-none-any.whl", hash = "sha256:9f47eda37229f68eee03b24b9748937c7dc3868f906e8ba69fbcbdd3bc5dc3e2"},
    {file = "colorama-0.4.4.tar.gz", hash = "sha256:5941b2b48a20143d2267e95b1c2a7603ce057ee39fd88e7329b0c292aa16869b"},
]
dependency-injector = [
    {file = "dependency-injector-4.30.0.tar.gz", hash = "sha256:6c10dc8208f47b1a8ceb3b436ddd9f25d9009648c8f59decb380172f7dc77110"},
    {file = "dependency_injector-4.30.0-cp27-cp27m-macosx_10_9_x86_64.whl", hash = "sha256:d5162d543b12416411542762c31358482ac863f131bd6347e62fde59d9220895"},
    {file = "dependency_injector-4.30.0-cp27-cp27m-manylinux1_i686.whl", hash = "sha256:e52534846b8def172803dee75f7a3d64d81bad76cefdb16eeb9a7e8275b817ea"},
    {file = "dependency_injector-4.30.0-cp27-cp27m-manylinux1_x86_64.whl", hash = "sha256:38dafcb9722d3423b32d3595f7e4f5c69330d24a8148491a34be0f68a0a7cec5"},
    {file = "dependency_injector-4.30.0-cp27-cp27m-manylinux2010_i686.whl", hash = "sha256:c3f3be49ada8af4c5d240a2bb8fd1627ca6d00a636bb339c26034734b5ce6942"},
    {file = "dependency_injector-4.30.0-cp27-cp27m-manylinux2010_x86_64.whl", hash = "sha256:9f1644c021dda917572c8b39296234ad58c6039e597d02666a1bb23868a340ab"},
    {file = "dependency_injector-4.30.0-cp27-cp27m-win32.whl", hash = "sha256:8c55a048f6b545355411ca36d6f2c364227e26eab6dce1d25121ac17f70f0b8b"},
    {file = "dependency_injector-4.30.0-cp27-cp27m-win_amd64.whl", hash = "sha256:f8523901e834da01c98177dcf9ab679009586456ab39b3f1bc8d5cb71ff420f9"},
    {file = "dependency_injector-4.30.0-cp27-cp27mu-manylinux1_i686.whl", hash = "sha256:13602356919b8b7263eba0d960c911945a9a98c47b64042f695bc3a2942bec83"},
    {file = "dependency_injector-4.30.0-cp27-cp27mu-manylinux1_x86_64.whl", hash = "sha256:00b10176cf0b239d8eb7f8e5749b83dce82cd929c4917908deb4e7d009300212"},
    {file = "dependency_injector-4.30.0-cp27-cp27mu-manylinux2010_i686.whl", hash = "sha256:3bce23475c0f849d70835dbe7618d52bdb4cfed7b24080360428711dc3ede5ff"},
    {file = "dependency_injector-4.30.0-cp27-cp27mu-manylinux2010_x86_64.whl", hash = "sha256:597e93e4227f21c67cfd96ee16c1b607ff1f2459a71816e907f61ad63d6fb33f"},
    {file = "dependency_injector-4.30.0-cp35-cp35m-macosx_10_9_x86_64.whl", hash = "sha256:ce8ebc8667548eecbe84a1d1cca69033150b0d397c958286c8ef3e6ec8a7b321"},
    {file = "dependency_injector-4.30.0-cp35-cp35m-manylinux1_i686.whl", hash = "sha256:5e0af306b3f24f4959807adf6771566971dc92df522dae52b5c635c0221a396b"},
    {file = "dependency_injector-4.30.0-cp35-cp35m-manylinux1_x86_64.whl", hash = "sha256:57845be86f063fadb64411dd50f7f509b1d870eb37f3325112047fb139eb0dad"},
    {file = "dependency_injector-4.30.0-cp35-cp35m-manylinux2010_i686.whl", hash = "sha256:c9c20debc3d83ebf589d317083bce54e4cde38a2f97f170d6012d5d6c40d0e03"},
    {file = "dependency_injector-4.30.0-cp35-cp35m-manylinux2010_x86_64.whl", hash = "sha256:94a959b39e93435d6481ea664895f592a09535552799654b1b4dcdd89b6206b7"},
    {file = "dependency_injector-4.30.0-cp35-cp35m-manylinux2014_aarch64.whl", hash = "sha256:11f9f295c778fecc687cc84f66f3b7b21fb14200994860ef8df0b2e953686b8c"},
    {file = "dependency_injector-4.30.0-cp35-cp35m-win32.whl", hash = "sha256:74244015f7739e1b20476d821d7c4b2f5c646d0d7473f8895cff2da8b30ce51c"},
    {file = "dependency_injector-4.30.0-cp35-cp35m-win_amd64.whl", hash = "sha256:0b85d78128573afb6a4da58f3f717ab8bdac832f868adab2f99ae2345f097668"},
    {file = "dependency_injector-4.30.0-cp36-cp36m-macosx_10_9_x86_64.whl", hash = "sha256:4c43b6da455c06de9d17fd8e18d463cef7aa332f29e5a161f57ef0fda445b736"},
    {file = "dependency_injector-4.30.0-cp36-cp36m-manylinux1_i686.whl", hash = "sha256:87cdff5652336c60589a7ff62081d11b275f6a1839920f1ce9d8953a18b4a715"},
    {file = "dependency_injector-4.30.0-cp36-cp36m-manylinux1_x86_64.whl", hash = "sha256:8e8f91f1a7420cf71378c2968111595b53a61669e971074984b863d7ca554aa7"},
    {file = "dependency_injector-4.30.0-cp36-cp36m-manylinux2010_i686.whl", hash = "sha256:4e130784dffa6d91b7340e03b6da035ffecd8ad5dcea5e5dee0317fee635aeac"},
    {file = "dependency_injector-4.30.0-cp36-cp36m-manylinux2010_x86_64.whl", hash = "sha256:bc8abd3b8ecee8936e8e613ae3eeacdcc9b78a0adfb4be28c9bc6a8caa72cb0f"},
    {file = "dependency_injector-4.30.0-cp36-cp36m-manylinux2014_aarch64.whl", hash = "sha256:8d950a9632a7c93c81251266bcd3e360f8f74bca87e4ef9f0fce16eeca14c8a7"},
    {file = "dependency_injector-4.30.0-cp36-cp36m-win32.whl", hash = "sha256:1c5da2f3077e131aea7449115c747ac7f7861ebdf2bd85aadbb88d034f1c7ec5"},
    {file = "dependency_injector-4.30.0-cp36-cp36m-win_amd64.whl", hash = "sha256:6a8e25468067948bd1976a80dbd39b4ce1deb81301a3f5e1906f4edddf5a7d0e"},
    {file = "dependency_injector-4.30.0-cp37-cp37m-macosx_10_9_x86_64.whl", hash = "sha256:d33cc32301662e06124943fce3e081d72a380426ad70151db213aa05bd528f95"},
    {file = "dependency_injector-4.30.0-cp37-cp37m-manylinux1_i686.whl", hash = "sha256:f46f12c58caf7109099e15d9b4f489feaf7affd280d31ba91aecd2166272cd12"},
    {file = "dependency_injector-4.30.0-cp37-cp37m-manylinux1_x86_64.whl", hash = "sha256:efeeed38a1c72fe2957d745ff9d5ee1008bc262ebda90ee74eb8089b52e40225"},
    {file = "dependency_injector-4.30.0-cp37-cp37m-manylinux2010_i686.whl", hash = "sha256:63141cc8761812e0ecc64170f4e9b8b5c7adf33984788a46fc53c2746d515586"},
    {file = "dependency_injector-4.30.0-cp37-cp37m-manylinux2010_x86_64.whl", hash = "sha256:44bd672fd5bcae7edba81ba72ddc29fc6e84b1918b21905f2276a1bc2091b61a"},
    {file = "dependency_injector-4.30.0-cp37-cp37m-manylinux2014_aarch64.whl", hash = "sha256:13671208d2eba28dcecf5f84a29a3eacffbc876bbd34a88ff89473f533b472aa"},
    {file = "dependency_injector-4.30.0-cp37-cp37m-win32.whl", hash = "sha256:2ffde08173b58ef3d2eecd1aad90b06b109746b8d66b28a465bdfa887d9cf51c"},
    {file = "dependency_injector-4.30.0-cp37-cp37m-win_amd64.whl", hash = "sha256:2735df381535e88f487f2d493fe3bae32df43bbe8160d7c59a1a3e372895662c"},
    {file = "dependency_injector-4.30.0-cp38-cp38-macosx_10_9_x86_64.whl", hash = "sha256:a1ac80d7003b32ab91a0e7b764e91431168b2f7f76e3466a6b1e31ef2f6ba886"},
    {file = "dependency_injector-4.30.0-cp38-cp38-manylinux1_i686.whl", hash = "sha256:8ddc9e0265ef1c8c7ab7d050bbae8c86f2440286b454ef9f21ed3629161e694f"},
    {file = "dependency_injector-4.30.0-cp38-cp38-manylinux1_x86_64.whl", hash = "sha256:d082ccc7b4ae984163d219cb60ebf19b0d074244b45366164a10a5cac7285696"},
    {file = "dependency_injector-4.30.0-cp38-cp38-manylinux2010_i686.whl", hash = "sha256:c33e5c3a1d43c8cdc8344564903730affddd459c64ab29d32235a055f2328e27"},
    {file = "dependency_injector-4.30.0-cp38-cp38-manylinux2010_x86_64.whl", hash = "sha256:dd24e7aaddd3e42fb5b54c9715f0b3889d4f077bce6e518739e1dc9e872bcd8a"},
    {file = "dependency_injector-4.30.0-cp38-cp38-manylinux2014_aarch64.whl", hash = "sha256:b340b7d90155b3bd515b1fcad20e193d0adc025c2e97af351d28c5b3829d2301"},
    {file = "dependency_injector-4.30.0-cp38-cp38-win32.whl", hash = "sha256:e5ecdd9fde2eac49f333a660a184e4ac6633f2684d8bf87efeb82a0a8388727e"},
    {file = "dependency_injector-4.30.0-cp38-cp38-win_amd64.whl", hash = "sha256:8992d25b00458bc4833aa2361840d8334eacbfa10b6069a0e2af48848bea907c"},
    {file = "dependency_injector-4.30.0-cp39-cp39-macosx_10_9_x86_64.whl", hash = "sha256:40814d1f9c674496b1e23fbb0f5b9051b40478355874fd9cc83a048e0f6eb47c"},
    {file = "dependency_injector-4.30.0-cp39-cp39-manylinux1_i686.whl", hash = "sha256:6b9650db6f314762737e5ceafb1c5b34d865a9f1673f1ed258a10f84e448e8df"},
    {file = "dependency_injector-4.30.0-cp39-cp39-manylinux1_x86_64.whl", hash = "sha256:e323237ef704d6204d54f338bb7ee5c3ec30eec99751aad63731bd2987c31e7f"},
    {file = "dependency_injector-4.30.0-cp39-cp39-manylinux2010_i686.whl", hash = "sha256:f7e0488d567a7d3a044d1a8f0e8b9aa2043f3f2752c780beff264fe508385bbf"},
    {file = "dependency_injector-4.30.0-cp39-cp39-manylinux2010_x86_64.whl", hash = "sha256:7819d31a7151abb0a25e5673dbe9e7dbc54f8ae1e2062400fa9d23fb87847e3a"},
    {file = "dependency_injector-4.30.0-cp39-cp39-manylinux2014_aarch64.whl", hash = "sha256:59e483de0386b733cf37ce7b54df2b52bb0d55c0bd3d8c3064b0a54892714953"},
    {file = "dependency_injector-4.30.0-cp39-cp39-win32.whl", hash = "sha256:14f60a119084dccedf400ec4558331934406b5cb45a48fc33ad4a00cf81425a5"},
    {file = "dependency_injector-4.30.0-cp39-cp39-win_amd64.whl", hash = "sha256:59a4be17ef0b3515e3c68ed38a73082a9ce7314863de56f67736c5b52e633aa5"},
    {file = "dependency_injector-4.30.0-pp27-pypy_73-macosx_10_9_x86_64.whl", hash = "sha256:24cb07e7797d329eec27232fcae57bc6be7a09a241ffda2a5d788e06fa778e24"},
    {file = "dependency_injector-4.30.0-pp27-pypy_73-manylinux1_x86_64.whl", hash = "sha256:58d29b6b794bf5c5d14e437360e7a9b2f5d7b98cbb5a800c868459a5e6da1ca1"},
    {file = "dependency_injector-4.30.0-pp27-pypy_73-manylinux2010_x86_64.whl", hash = "sha256:e9bbfbcadd1467f269e940931593f440a2ddd74af69e2e113aedf48d48ae298e"},
    {file = "dependency_injector-4.30.0-pp27-pypy_73-win32.whl", hash = "sha256:2914d19388bd52ef2a264d04eb87a188cbf42245c9a37c2808f371f71d11ab80"},
    {file = "dependency_injector-4.30.0-pp36-pypy36_pp73-macosx_10_9_x86_64.whl", hash = "sha256:55c10eb9fb3709ef316595f26da3a6e4c84975d07995b1f1200f23762d677161"},
    {file = "dependency_injector-4.30.0-pp36-pypy36_pp73-manylinux1_x86_64.whl", hash = "sha256:206d7046ac7fcd4161dedcea8d094274b2808d55ab04ef698fbdb657447d8eb5"},
    {file = "dependency_injector-4.30.0-pp36-pypy36_pp73-manylinux2010_x86_64.whl", hash = "sha256:3de97c188f920db19659d6cf2e26c84a28d60a1c16cc000a6dca08f5ccb472c8"},
    {file = "dependency_injector-4.30.0-pp36-pypy36_pp73-win32.whl", hash = "sha256:3ce992d2981f2495c9f0a1a395fd2fd00f60be73049f72ce0f752cbd2a4aeb79"},
    {file = "dependency_injector-4.30.0-pp37-pypy37_pp73-macosx_10_9_x86_64.whl", hash = "sha256:0bfed0e6b4155606f228394c1c4d3feeea4cf89a1edb079332aecf8ff2a91247"},
    {file = "dependency_injector-4.30.0-pp37-pypy37_pp73-manylinux1_x86_64.whl", hash = "sha256:a6e6f0c522ba05c290b083614ab1c078115fff6d2fbd98ba78918a485b579b94"},
    {file = "dependency_injector-4.30.0-pp37-pypy37_pp73-manylinux2010_x86_64.whl", hash = "sha256:e1c6620d4da882112abec6a89046a80a5bd99f1d4c716396a3a59394bf0a61cc"},
    {file = "dependency_injector-4.30.0-pp37-pypy37_pp73-win32.whl", hash = "sha256:0240605bca50b55aaf557a4be929f2bb9157ee523fccedf58d6f88d7ad016659"},
]
distlib = [
    {file = "distlib-0.3.1-py2.py3-none-any.whl", hash = "sha256:8c09de2c67b3e7deef7184574fc060ab8a793e7adbb183d942c389c8b13c52fb"},
    {file = "distlib-0.3.1.zip", hash = "sha256:edf6116872c863e1aa9d5bb7cb5e05a022c519a4594dc703843343a9ddd9bff1"},
]
filelock = [
    {file = "filelock-3.0.12-py3-none-any.whl", hash = "sha256:929b7d63ec5b7d6b71b0fa5ac14e030b3f70b75747cef1b10da9b879fef15836"},
    {file = "filelock-3.0.12.tar.gz", hash = "sha256:18d82244ee114f543149c66a6e0c14e9c4f8a1044b5cdaadd0f82159d6a6ff59"},
]
flake8 = [
    {file = "flake8-3.9.0-py2.py3-none-any.whl", hash = "sha256:12d05ab02614b6aee8df7c36b97d1a3b2372761222b19b58621355e82acddcff"},
    {file = "flake8-3.9.0.tar.gz", hash = "sha256:78873e372b12b093da7b5e5ed302e8ad9e988b38b063b61ad937f26ca58fc5f0"},
]
iniconfig = [
    {file = "iniconfig-1.1.1-py2.py3-none-any.whl", hash = "sha256:011e24c64b7f47f6ebd835bb12a743f2fbe9a26d4cecaa7f53bc4f35ee9da8b3"},
    {file = "iniconfig-1.1.1.tar.gz", hash = "sha256:bc3af051d7d14b2ee5ef9969666def0cd1a000e121eaea580d4a313df4b37f32"},
]
mccabe = [
    {file = "mccabe-0.6.1-py2.py3-none-any.whl", hash = "sha256:ab8a6258860da4b6677da4bd2fe5dc2c659cff31b3ee4f7f5d64e79735b80d42"},
    {file = "mccabe-0.6.1.tar.gz", hash = "sha256:dd8d182285a0fe56bace7f45b5e7d1a6ebcbf524e8f3bd87eb0f125271b8831f"},
]
packaging = [
    {file = "packaging-20.9-py2.py3-none-any.whl", hash = "sha256:67714da7f7bc052e064859c05c595155bd1ee9f69f76557e21f051443c20947a"},
    {file = "packaging-20.9.tar.gz", hash = "sha256:5b327ac1320dc863dca72f4514ecc086f31186744b84a230374cc1fd776feae5"},
]
pluggy = [
    {file = "pluggy-0.13.1-py2.py3-none-any.whl", hash = "sha256:966c145cd83c96502c3c3868f50408687b38434af77734af1e9ca461a4081d2d"},
    {file = "pluggy-0.13.1.tar.gz", hash = "sha256:15b2acde666561e1298d71b523007ed7364de07029219b604cf808bfa1c765b0"},
]
py = [
    {file = "py-1.10.0-py2.py3-none-any.whl", hash = "sha256:3b80836aa6d1feeaa108e046da6423ab8f6ceda6468545ae8d02d9d58d18818a"},
    {file = "py-1.10.0.tar.gz", hash = "sha256:21b81bda15b66ef5e1a777a21c4dcd9c20ad3efd0b3f817e7a809035269e1bd3"},
]
pycodestyle = [
    {file = "pycodestyle-2.7.0-py2.py3-none-any.whl", hash = "sha256:514f76d918fcc0b55c6680472f0a37970994e07bbb80725808c17089be302068"},
    {file = "pycodestyle-2.7.0.tar.gz", hash = "sha256:c389c1d06bf7904078ca03399a4816f974a1d590090fecea0c63ec26ebaf1cef"},
]
pyflakes = [
    {file = "pyflakes-2.3.0-py2.py3-none-any.whl", hash = "sha256:910208209dcea632721cb58363d0f72913d9e8cf64dc6f8ae2e02a3609aba40d"},
    {file = "pyflakes-2.3.0.tar.gz", hash = "sha256:e59fd8e750e588358f1b8885e5a4751203a0516e0ee6d34811089ac294c8806f"},
]
pyparsing = [
    {file = "pyparsing-2.4.7-py2.py3-none-any.whl", hash = "sha256:ef9d7589ef3c200abe66653d3f1ab1033c3c419ae9b9bdb1240a85b024efc88b"},
    {file = "pyparsing-2.4.7.tar.gz", hash = "sha256:c203ec8783bf771a155b207279b9bccb8dea02d8f0c9e5f8ead507bc3246ecc1"},
]
pytest = [
    {file = "pytest-6.2.2-py3-none-any.whl", hash = "sha256:b574b57423e818210672e07ca1fa90aaf194a4f63f3ab909a2c67ebb22913839"},
    {file = "pytest-6.2.2.tar.gz", hash = "sha256:9d1edf9e7d0b84d72ea3dbcdfd22b35fb543a5e8f2a60092dd578936bf63d7f9"},
]
pyyaml = [
    {file = "PyYAML-5.4.1-cp27-cp27m-macosx_10_9_x86_64.whl", hash = "sha256:3b2b1824fe7112845700f815ff6a489360226a5609b96ec2190a45e62a9fc922"},
    {file = "PyYAML-5.4.1-cp27-cp27m-win32.whl", hash = "sha256:129def1b7c1bf22faffd67b8f3724645203b79d8f4cc81f674654d9902cb4393"},
    {file = "PyYAML-5.4.1-cp27-cp27m-win_amd64.whl", hash = "sha256:4465124ef1b18d9ace298060f4eccc64b0850899ac4ac53294547536533800c8"},
    {file = "PyYAML-5.4.1-cp27-cp27mu-manylinux1_x86_64.whl", hash = "sha256:bb4191dfc9306777bc594117aee052446b3fa88737cd13b7188d0e7aa8162185"},
    {file = "PyYAML-5.4.1-cp36-cp36m-macosx_10_9_x86_64.whl", hash = "sha256:6c78645d400265a062508ae399b60b8c167bf003db364ecb26dcab2bda048253"},
    {file = "PyYAML-5.4.1-cp36-cp36m-manylinux1_x86_64.whl", hash = "sha256:4e0583d24c881e14342eaf4ec5fbc97f934b999a6828693a99157fde912540cc"},
    {file = "PyYAML-5.4.1-cp36-cp36m-win32.whl", hash = "sha256:3bd0e463264cf257d1ffd2e40223b197271046d09dadf73a0fe82b9c1fc385a5"},
    {file = "PyYAML-5.4.1-cp36-cp36m-win_amd64.whl", hash = "sha256:e4fac90784481d221a8e4b1162afa7c47ed953be40d31ab4629ae917510051df"},
    {file = "PyYAML-5.4.1-cp37-cp37m-macosx_10_9_x86_64.whl", hash = "sha256:5accb17103e43963b80e6f837831f38d314a0495500067cb25afab2e8d7a4018"},
    {file = "PyYAML-5.4.1-cp37-cp37m-manylinux1_x86_64.whl", hash = "sha256:e1d4970ea66be07ae37a3c2e48b5ec63f7ba6804bdddfdbd3cfd954d25a82e63"},
    {file = "PyYAML-5.4.1-cp37-cp37m-win32.whl", hash = "sha256:dd5de0646207f053eb0d6c74ae45ba98c3395a571a2891858e87df7c9b9bd51b"},
    {file = "PyYAML-5.4.1-cp37-cp37m-win_amd64.whl", hash = "sha256:08682f6b72c722394747bddaf0aa62277e02557c0fd1c42cb853016a38f8dedf"},
    {file = "PyYAML-5.4.1-cp38-cp38-macosx_10_9_x86_64.whl", hash = "sha256:d2d9808ea7b4af864f35ea216be506ecec180628aced0704e34aca0b040ffe46"},
    {file = "PyYAML-5.4.1-cp38-cp38-manylinux1_x86_64.whl", hash = "sha256:8c1be557ee92a20f184922c7b6424e8ab6691788e6d86137c5d93c1a6ec1b8fb"},
    {file = "PyYAML-5.4.1-cp38-cp38-win32.whl", hash = "sha256:fa5ae20527d8e831e8230cbffd9f8fe952815b2b7dae6ffec25318803a7528fc"},
    {file = "PyYAML-5.4.1-cp38-cp38-win_amd64.whl", hash = "sha256:0f5f5786c0e09baddcd8b4b45f20a7b5d61a7e7e99846e3c799b05c7c53fa696"},
    {file = "PyYAML-5.4.1-cp39-cp39-macosx_10_9_x86_64.whl", hash = "sha256:294db365efa064d00b8d1ef65d8ea2c3426ac366c0c4368d930bf1c5fb497f77"},
    {file = "PyYAML-5.4.1-cp39-cp39-manylinux1_x86_64.whl", hash = "sha256:74c1485f7707cf707a7aef42ef6322b8f97921bd89be2ab6317fd782c2d53183"},
    {file = "PyYAML-5.4.1-cp39-cp39-win32.whl", hash = "sha256:49d4cdd9065b9b6e206d0595fee27a96b5dd22618e7520c33204a4a3239d5b10"},
    {file = "PyYAML-5.4.1-cp39-cp39-win_amd64.whl", hash = "sha256:c20cfa2d49991c8b4147af39859b167664f2ad4561704ee74c1de03318e898db"},
    {file = "PyYAML-5.4.1.tar.gz", hash = "sha256:607774cbba28732bfa802b54baa7484215f530991055bb562efbed5b2f20a45e"},
]
six = [
    {file = "six-1.15.0-py2.py3-none-any.whl", hash = "sha256:8b74bedcbbbaca38ff6d7491d76f2b06b3592611af620f8426e82dddb04a5ced"},
    {file = "six-1.15.0.tar.gz", hash = "sha256:30639c035cdb23534cd4aa2dd52c3bf48f06e5f4a941509c8bafd8ce11080259"},
]
toml = [
    {file = "toml-0.10.2-py2.py3-none-any.whl", hash = "sha256:806143ae5bfb6a3c6e736a764057db0e6a0e05e338b5630894a5f779cabb4f9b"},
    {file = "toml-0.10.2.tar.gz", hash = "sha256:b3bda1d108d5dd99f4a20d24d9c348e91c4db7ab1b749200bded2f839ccbe68f"},
]
tox = [
    {file = "tox-3.23.0-py2.py3-none-any.whl", hash = "sha256:e007673f3595cede9b17a7c4962389e4305d4a3682a6c5a4159a1453b4f326aa"},
    {file = "tox-3.23.0.tar.gz", hash = "sha256:05a4dbd5e4d3d8269b72b55600f0b0303e2eb47ad5c6fe76d3576f4c58d93661"},
]
virtualenv = [
    {file = "virtualenv-20.4.2-py2.py3-none-any.whl", hash = "sha256:2be72df684b74df0ea47679a7df93fd0e04e72520022c57b479d8f881485dbe3"},
    {file = "virtualenv-20.4.2.tar.gz", hash = "sha256:147b43894e51dd6bba882cf9c282447f780e2251cd35172403745fc381a0a80d"},
]
watchdog = [
    {file = "watchdog-2.0.2-cp36-cp36m-macosx_10_9_x86_64.whl", hash = "sha256:1f518a6940cde8720b8826a705c164e6b9bd6cf8c00f14269ffac51e017e06ec"},
    {file = "watchdog-2.0.2-cp37-cp37m-macosx_10_9_x86_64.whl", hash = "sha256:74528772516228f6a015a647027057939ff0b695a0b864cb3037e8e1aabc7ca0"},
    {file = "watchdog-2.0.2-cp38-cp38-macosx_10_9_x86_64.whl", hash = "sha256:1cd715c4fb803581ded8943f39a51f21c17375d009ca9e3398d6b20638863a70"},
    {file = "watchdog-2.0.2-cp39-cp39-macosx_10_9_x86_64.whl", hash = "sha256:41b1a773f364f232b5bc184688e8d60451745d9e0971ac60c648bd47be8f4733"},
    {file = "watchdog-2.0.2-pp36-pypy36_pp73-macosx_10_9_x86_64.whl", hash = "sha256:035f4816daf3c62e03503c267620f3aa8fc7472df85ff3ef1e0c100ea1ed2744"},
    {file = "watchdog-2.0.2-pp37-pypy37_pp73-macosx_10_9_x86_64.whl", hash = "sha256:e0114e48ee981b38e328eaa0d5a625c7b4fc144b8dc7f7637749d6b5f7fefb0e"},
    {file = "watchdog-2.0.2-py3-none-manylinux2014_aarch64.whl", hash = "sha256:d2fcbc15772a82cd139c803a513c45b0fbc72a10a8a34dc2a8b429110b6f1236"},
    {file = "watchdog-2.0.2-py3-none-manylinux2014_armv7l.whl", hash = "sha256:adda34bfe6db05485c1dfcd98232bdec385f991fe16358750c2163473eefb985"},
    {file = "watchdog-2.0.2-py3-none-manylinux2014_i686.whl", hash = "sha256:a412b1914e27f67b0a10e1ee19b5d035a9f7c115a062bbbd640653d9820ba4c8"},
    {file = "watchdog-2.0.2-py3-none-manylinux2014_ppc64.whl", hash = "sha256:89102465764e453609463cf620e744da1b0aa1f9f321b05961e2e7e15b3c9d8b"},
    {file = "watchdog-2.0.2-py3-none-manylinux2014_ppc64le.whl", hash = "sha256:3e933f3567c4521dd1a5d59fd54a522cae90bebcbeb8b74b84a2f33c90f08388"},
    {file = "watchdog-2.0.2-py3-none-manylinux2014_s390x.whl", hash = "sha256:19675b8d1f00dabe74a0e66d87980623250d9360a21612e8c27b70a4b214ceeb"},
    {file = "watchdog-2.0.2-py3-none-manylinux2014_x86_64.whl", hash = "sha256:d54e187b76053982180532cb7fd31152201c438b348c456f699929f8a89e786d"},
    {file = "watchdog-2.0.2-py3-none-win32.whl", hash = "sha256:13c9ff58508dce55ba416eb0ef7af5aa5858558f2ec51112f099fd03503b670b"},
    {file = "watchdog-2.0.2-py3-none-win_amd64.whl", hash = "sha256:0f7e9de9ba84af15e9e9fc29c3b13c972daa4d2b11de29aa86b26a26bc877c06"},
    {file = "watchdog-2.0.2-py3-none-win_ia64.whl", hash = "sha256:ac6adbdf32e1d180574f9d0819e80259ae48e68727e80c3d950ed5a023714c3e"},
    {file = "watchdog-2.0.2.tar.gz", hash = "sha256:532fedd993e75554671faa36cd04c580ced3fae084254a779afbbd8aaf00566b"},
]
